
Microsoft Visual Studio Solution File, Format Version 12.00
# Visual Studio Version 16
VisualStudioVersion = 16.0.30804.86
MinimumVisualStudioVersion = 10.0.40219.1
Project("{FAE04EC0-301F-11D3-BF4B-00C04F79EFBC}") = "Obliczenia", "Obliczenia\Obliczenia.csproj", "{A3EE432E-C6A5-4E7A-BE9E-2B80EF71CD6D}"
EndProject
Global
	GlobalSection(SolutionConfigurationPlatforms) = preSolution
		Debug|Any CPU = Debug|Any CPU
		Release|Any CPU = Release|Any CPU
	EndGlobalSection
	GlobalSection(ProjectConfigurationPlatforms) = postSolution
		{A3EE432E-C6A5-4E7A-BE9E-2B80EF71CD6D}.Debug|Any CPU.ActiveCfg = Debug|Any CPU
		{A3EE432E-C6A5-4E7A-BE9E-2B80EF71CD6D}.Debug|Any CPU.Build.0 = Debug|Any CPU
		{A3EE432E-C6A5-4E7A-BE9E-2B80EF71CD6D}.Release|Any CPU.ActiveCfg = Release|Any CPU
		{A3EE432E-C6A5-4E7A-BE9E-2B80EF71CD6D}.Release|Any CPU.Build.0 = Release|Any CPU
	EndGlobalSection
	GlobalSection(SolutionProperties) = preSolution
		HideSolutionNode = FALSE
	EndGlobalSection
	GlobalSection(ExtensibilityGlobals) = postSolution
		SolutionGuid = {3718E8C5-65DF-4CD4-A678-E19ED3CD3401}
	EndGlobalSection
EndGlobal
